
Microsoft Visual Studio Solution File, Format Version 12.00
# Visual Studio 14
VisualStudioVersion = 14.0.25123.0
MinimumVisualStudioVersion = 10.0.40219.1
Project("{FAE04EC0-301F-11D3-BF4B-00C04F79EFBC}") = "Attributes", "Attributes\Attributes.csproj", "{A7B17235-C276-40DF-9284-2F18D312E62F}"
EndProject
Project("{FAE04EC0-301F-11D3-BF4B-00C04F79EFBC}") = "ReflectionCreator", "ReflectionCreator\ReflectionCreator.csproj", "{5DE2EBD2-3348-4347-AC0A-37F97939D5F5}"
EndProject
Project("{FAE04EC0-301F-11D3-BF4B-00C04F79EFBC}") = "AttributesConsoleApp", "AttributesConsoleApp\AttributesConsoleApp.csproj", "{C8D32750-F507-4196-890F-46265BEC3070}"
EndProject
Project("{FAE04EC0-301F-11D3-BF4B-00C04F79EFBC}") = "ReflectionCreatorTest", "ReflectionCreatorTest\ReflectionCreatorTest.csproj", "{CB8DEE69-8324-4A0A-9BE0-71E1BE65988E}"
EndProject
Global
	GlobalSection(SolutionConfigurationPlatforms) = preSolution
		Debug|Any CPU = Debug|Any CPU
		Release|Any CPU = Release|Any CPU
	EndGlobalSection
	GlobalSection(ProjectConfigurationPlatforms) = postSolution
		{A7B17235-C276-40DF-9284-2F18D312E62F}.Debug|Any CPU.ActiveCfg = Debug|Any CPU
		{A7B17235-C276-40DF-9284-2F18D312E62F}.Debug|Any CPU.Build.0 = Debug|Any CPU
		{A7B17235-C276-40DF-9284-2F18D312E62F}.Release|Any CPU.ActiveCfg = Release|Any CPU
		{A7B17235-C276-40DF-9284-2F18D312E62F}.Release|Any CPU.Build.0 = Release|Any CPU
		{5DE2EBD2-3348-4347-AC0A-37F97939D5F5}.Debug|Any CPU.ActiveCfg = Debug|Any CPU
		{5DE2EBD2-3348-4347-AC0A-37F97939D5F5}.Debug|Any CPU.Build.0 = Debug|Any CPU
		{5DE2EBD2-3348-4347-AC0A-37F97939D5F5}.Release|Any CPU.ActiveCfg = Release|Any CPU
		{5DE2EBD2-3348-4347-AC0A-37F97939D5F5}.Release|Any CPU.Build.0 = Release|Any CPU
		{C8D32750-F507-4196-890F-46265BEC3070}.Debug|Any CPU.ActiveCfg = Debug|Any CPU
		{C8D32750-F507-4196-890F-46265BEC3070}.Debug|Any CPU.Build.0 = Debug|Any CPU
		{C8D32750-F507-4196-890F-46265BEC3070}.Release|Any CPU.ActiveCfg = Release|Any CPU
		{C8D32750-F507-4196-890F-46265BEC3070}.Release|Any CPU.Build.0 = Release|Any CPU
		{CB8DEE69-8324-4A0A-9BE0-71E1BE65988E}.Debug|Any CPU.ActiveCfg = Debug|Any CPU
		{CB8DEE69-8324-4A0A-9BE0-71E1BE65988E}.Debug|Any CPU.Build.0 = Debug|Any CPU
		{CB8DEE69-8324-4A0A-9BE0-71E1BE65988E}.Release|Any CPU.ActiveCfg = Release|Any CPU
		{CB8DEE69-8324-4A0A-9BE0-71E1BE65988E}.Release|Any CPU.Build.0 = Release|Any CPU
	EndGlobalSection
	GlobalSection(SolutionProperties) = preSolution
		HideSolutionNode = FALSE
	EndGlobalSection
EndGlobal
