
Microsoft Visual Studio Solution File, Format Version 12.00
# Visual Studio 14
VisualStudioVersion = 14.0.25123.0
MinimumVisualStudioVersion = 10.0.40219.1
Project("{FAE04EC0-301F-11D3-BF4B-00C04F79EFBC}") = "BLL", "BLL\BLL.csproj", "{DBA36C51-FE41-4E55-9874-30B53D7EED2A}"
EndProject
Project("{FAE04EC0-301F-11D3-BF4B-00C04F79EFBC}") = "DAL", "DAL\DAL.csproj", "{BA6F2BBD-D816-48F0-ABCB-9E9F3736BFEA}"
EndProject
Project("{FAE04EC0-301F-11D3-BF4B-00C04F79EFBC}") = "CustomNumberGenerators", "CustomNumberGenerators\CustomNumberGenerators.csproj", "{A7E17B53-35F6-4551-BE96-DB2F29F20875}"
EndProject
Project("{FAE04EC0-301F-11D3-BF4B-00C04F79EFBC}") = "ConfigurationLayer", "Configurator\ConfigurationLayer.csproj", "{EA78F4BE-6B92-436D-B154-605E436B0BD6}"
EndProject
Project("{FAE04EC0-301F-11D3-BF4B-00C04F79EFBC}") = "ConsoleApplication", "ConsoleApplication\ConsoleApplication.csproj", "{83585395-626B-4D57-8709-DC991B97C8D4}"
EndProject
Project("{FAE04EC0-301F-11D3-BF4B-00C04F79EFBC}") = "DALTests", "DALTests\DALTests.csproj", "{46C6EB6F-1D57-42F6-B0DF-7A0F15BF5B49}"
EndProject
Global
	GlobalSection(SolutionConfigurationPlatforms) = preSolution
		Debug|Any CPU = Debug|Any CPU
		Release|Any CPU = Release|Any CPU
	EndGlobalSection
	GlobalSection(ProjectConfigurationPlatforms) = postSolution
		{DBA36C51-FE41-4E55-9874-30B53D7EED2A}.Debug|Any CPU.ActiveCfg = Debug|Any CPU
		{DBA36C51-FE41-4E55-9874-30B53D7EED2A}.Debug|Any CPU.Build.0 = Debug|Any CPU
		{DBA36C51-FE41-4E55-9874-30B53D7EED2A}.Release|Any CPU.ActiveCfg = Release|Any CPU
		{DBA36C51-FE41-4E55-9874-30B53D7EED2A}.Release|Any CPU.Build.0 = Release|Any CPU
		{BA6F2BBD-D816-48F0-ABCB-9E9F3736BFEA}.Debug|Any CPU.ActiveCfg = Debug|Any CPU
		{BA6F2BBD-D816-48F0-ABCB-9E9F3736BFEA}.Debug|Any CPU.Build.0 = Debug|Any CPU
		{BA6F2BBD-D816-48F0-ABCB-9E9F3736BFEA}.Release|Any CPU.ActiveCfg = Release|Any CPU
		{BA6F2BBD-D816-48F0-ABCB-9E9F3736BFEA}.Release|Any CPU.Build.0 = Release|Any CPU
		{A7E17B53-35F6-4551-BE96-DB2F29F20875}.Debug|Any CPU.ActiveCfg = Debug|Any CPU
		{A7E17B53-35F6-4551-BE96-DB2F29F20875}.Debug|Any CPU.Build.0 = Debug|Any CPU
		{A7E17B53-35F6-4551-BE96-DB2F29F20875}.Release|Any CPU.ActiveCfg = Release|Any CPU
		{A7E17B53-35F6-4551-BE96-DB2F29F20875}.Release|Any CPU.Build.0 = Release|Any CPU
		{EA78F4BE-6B92-436D-B154-605E436B0BD6}.Debug|Any CPU.ActiveCfg = Debug|Any CPU
		{EA78F4BE-6B92-436D-B154-605E436B0BD6}.Debug|Any CPU.Build.0 = Debug|Any CPU
		{EA78F4BE-6B92-436D-B154-605E436B0BD6}.Release|Any CPU.ActiveCfg = Release|Any CPU
		{EA78F4BE-6B92-436D-B154-605E436B0BD6}.Release|Any CPU.Build.0 = Release|Any CPU
		{83585395-626B-4D57-8709-DC991B97C8D4}.Debug|Any CPU.ActiveCfg = Debug|Any CPU
		{83585395-626B-4D57-8709-DC991B97C8D4}.Debug|Any CPU.Build.0 = Debug|Any CPU
		{83585395-626B-4D57-8709-DC991B97C8D4}.Release|Any CPU.ActiveCfg = Release|Any CPU
		{83585395-626B-4D57-8709-DC991B97C8D4}.Release|Any CPU.Build.0 = Release|Any CPU
		{46C6EB6F-1D57-42F6-B0DF-7A0F15BF5B49}.Debug|Any CPU.ActiveCfg = Debug|Any CPU
		{46C6EB6F-1D57-42F6-B0DF-7A0F15BF5B49}.Debug|Any CPU.Build.0 = Debug|Any CPU
		{46C6EB6F-1D57-42F6-B0DF-7A0F15BF5B49}.Release|Any CPU.ActiveCfg = Release|Any CPU
		{46C6EB6F-1D57-42F6-B0DF-7A0F15BF5B49}.Release|Any CPU.Build.0 = Release|Any CPU
	EndGlobalSection
	GlobalSection(SolutionProperties) = preSolution
		HideSolutionNode = FALSE
	EndGlobalSection
EndGlobal
